PODS:
  - ReactiveObjC-bm (3.1.1.1)
  - TFY_AutoLayout (2.6.4):
    - TFY_AutoLayout/IOS_Layout (= 2.6.4)
    - TFY_AutoLayout/MAC_Layout (= 2.6.4)
    - TFY_AutoLayout/Util (= 2.6.4)
  - TFY_AutoLayout/IOS_Layout (2.6.4):
    - TFY_AutoLayout/Util
  - TFY_AutoLayout/MAC_Layout (2.6.4):
    - TFY_AutoLayout/Util
  - TFY_AutoLayout/Util (2.6.4)
  - TFY_LayoutCategoryKit (1.8.8):
    - TFY_LayoutCategoryKit/TFY_Categories (= 1.8.8)
    - TFY_LayoutCategoryKit/TFY_Chain (= 1.8.8)
    - TFY_LayoutCategoryKit/TFY_Tools (= 1.8.8)
  - TFY_LayoutCategoryKit/TFY_Categories (1.8.8):
    - TFY_LayoutCategoryKit/TFY_Categories/TFY_BadgeView (= 1.8.8)
    - TFY_LayoutCategoryKit/TFY_Categories/TFY_Foundation (= 1.8.8)
    - TFY_LayoutCategoryKit/TFY_Categories/TFY_UI (= 1.8.8)
    - TFY_LayoutCategoryKit/TFY_Tools
  - TFY_LayoutCategoryKit/TFY_Categories/TFY_BadgeView (1.8.8):
    - TFY_LayoutCategoryKit/TFY_Tools
  - TFY_LayoutCategoryKit/TFY_Categories/TFY_Foundation (1.8.8):
    - TFY_LayoutCategoryKit/TFY_Tools
  - TFY_LayoutCategoryKit/TFY_Categories/TFY_UI (1.8.8):
    - TFY_LayoutCategoryKit/TFY_Tools
  - TFY_LayoutCategoryKit/TFY_Chain (1.8.8):
    - TFY_LayoutCategoryKit/TFY_Chain/TFY_CALayer (= 1.8.8)
    - TFY_LayoutCategoryKit/TFY_Chain/TFY_ChainBase (= 1.8.8)
    - TFY_LayoutCategoryKit/TFY_Chain/TFY_UIGesture (= 1.8.8)
    - TFY_LayoutCategoryKit/TFY_Chain/TFY_UIView (= 1.8.8)
  - TFY_LayoutCategoryKit/TFY_Chain/TFY_CALayer (1.8.8):
    - TFY_LayoutCategoryKit/TFY_Categories/TFY_UI
    - TFY_LayoutCategoryKit/TFY_Chain/TFY_ChainBase
  - TFY_LayoutCategoryKit/TFY_Chain/TFY_ChainBase (1.8.8)
  - TFY_LayoutCategoryKit/TFY_Chain/TFY_UIGesture (1.8.8):
    - TFY_LayoutCategoryKit/TFY_Categories/TFY_UI
    - TFY_LayoutCategoryKit/TFY_Chain/TFY_ChainBase
  - TFY_LayoutCategoryKit/TFY_Chain/TFY_UIView (1.8.8):
    - TFY_LayoutCategoryKit/TFY_Categories/TFY_Foundation
    - TFY_LayoutCategoryKit/TFY_Categories/TFY_UI
    - TFY_LayoutCategoryKit/TFY_Chain/TFY_CALayer
    - TFY_LayoutCategoryKit/TFY_Chain/TFY_ChainBase
    - TFY_LayoutCategoryKit/TFY_Chain/TFY_UIGesture
  - TFY_LayoutCategoryKit/TFY_Tools (1.8.8)

DEPENDENCIES:
  - ReactiveObjC-bm
  - TFY_AutoLayout
  - TFY_LayoutCategoryKit

SPEC REPOS:
  https://github.com/CocoaPods/Specs.git:
    - ReactiveObjC-bm
    - TFY_AutoLayout
    - TFY_LayoutCategoryKit

SPEC CHECKSUMS:
  ReactiveObjC-bm: 3d321416bd97362e467dd30794d8032a499476b8
  TFY_AutoLayout: 51019bdcdb78b9a145bd0ed351d23be93379dc0b
  TFY_LayoutCategoryKit: e428704d3fd30900e203f20fd963b3c216810ba2

PODFILE CHECKSUM: 67102e497e59a5edfd99eb1622eb6365343def69

COCOAPODS: 1.10.1
