// !$*UTF8*$!
{
	archiveVersion = 1;
	classes = {
	};
	objectVersion = 50;
	objects = {

/* Begin PBXBuildFile section */
		5614B72023323FC400A54FA9 /* TFY_ReactiveCocoaDemoTests.m in Sources */ = {isa = PBXBuildFile; fileRef = 5614B71F23323FC400A54FA9 /* TFY_ReactiveCocoaDemoTests.m */; };
		5614B72B23323FC400A54FA9 /* TFY_ReactiveCocoaDemoUITests.m in Sources */ = {isa = PBXBuildFile; fileRef = 5614B72A23323FC400A54FA9 /* TFY_ReactiveCocoaDemoUITests.m */; };
		5614B747233240D900A54FA9 /* Assets.xcassets in Resources */ = {isa = PBXBuildFile; fileRef = 5614B73C233240D800A54FA9 /* Assets.xcassets */; };
		5614B748233240D900A54FA9 /* LaunchScreen.storyboard in Resources */ = {isa = PBXBuildFile; fileRef = 5614B73D233240D800A54FA9 /* LaunchScreen.storyboard */; };
		5614B749233240D900A54FA9 /* Main.storyboard in Resources */ = {isa = PBXBuildFile; fileRef = 5614B73F233240D800A54FA9 /* Main.storyboard */; };
		5614B74A233240D900A54FA9 /* main.m in Sources */ = {isa = PBXBuildFile; fileRef = 5614B741233240D800A54FA9 /* main.m */; };
		5614B74B233240D900A54FA9 /* AppDelegate.m in Sources */ = {isa = PBXBuildFile; fileRef = 5614B745233240D800A54FA9 /* AppDelegate.m */; };
		5614B76A2332412E00A54FA9 /* Flag.m in Sources */ = {isa = PBXBuildFile; fileRef = 5614B7502332412E00A54FA9 /* Flag.m */; };
		5614B76B2332412E00A54FA9 /* RACSetViewController.m in Sources */ = {isa = PBXBuildFile; fileRef = 5614B7522332412E00A54FA9 /* RACSetViewController.m */; };
		5614B76C2332412E00A54FA9 /* HomeViewController.m in Sources */ = {isa = PBXBuildFile; fileRef = 5614B7542332412E00A54FA9 /* HomeViewController.m */; };
		5614B76D2332412E00A54FA9 /* RACOperationMethodController.m in Sources */ = {isa = PBXBuildFile; fileRef = 5614B7552332412E00A54FA9 /* RACOperationMethodController.m */; };
		5614B76E2332412E00A54FA9 /* RACOperationMethodFilteringVC.m in Sources */ = {isa = PBXBuildFile; fileRef = 5614B7572332412E00A54FA9 /* RACOperationMethodFilteringVC.m */; };
		5614B76F2332412E00A54FA9 /* RACCommandController.m in Sources */ = {isa = PBXBuildFile; fileRef = 5614B75A2332412E00A54FA9 /* RACCommandController.m */; };
		5614B7702332412E00A54FA9 /* RACOperationOrderController.m in Sources */ = {isa = PBXBuildFile; fileRef = 5614B75B2332412E00A54FA9 /* RACOperationOrderController.m */; };
		5614B7712332412E00A54FA9 /* RACSignalController.m in Sources */ = {isa = PBXBuildFile; fileRef = 5614B75C2332412E00A54FA9 /* RACSignalController.m */; };
		5614B7722332412E00A54FA9 /* RACMethodUseViewController.m in Sources */ = {isa = PBXBuildFile; fileRef = 5614B7602332412E00A54FA9 /* RACMethodUseViewController.m */; };
		5614B7732332412E00A54FA9 /* RACSubscriberController.m in Sources */ = {isa = PBXBuildFile; fileRef = 5614B7612332412E00A54FA9 /* RACSubscriberController.m */; };
		5614B7742332412E00A54FA9 /* RACMulticastConnectionController.m in Sources */ = {isa = PBXBuildFile; fileRef = 5614B7632332412E00A54FA9 /* RACMulticastConnectionController.m */; };
		5614B7752332412E00A54FA9 /* RedView.xib in Resources */ = {isa = PBXBuildFile; fileRef = 5614B7672332412E00A54FA9 /* RedView.xib */; };
		5614B7762332412E00A54FA9 /* RedView.m in Sources */ = {isa = PBXBuildFile; fileRef = 5614B7692332412E00A54FA9 /* RedView.m */; };
		D7A58E35F226A4889739B90A /* libPods-TFY_ReactiveCocoaDemo.a in Frameworks */ = {isa = PBXBuildFile; fileRef = 1581B70491D43033F1FA2508 /* libPods-TFY_ReactiveCocoaDemo.a */; };
/* End PBXBuildFile section */

/* Begin PBXContainerItemProxy section */
		5614B71C23323FC400A54FA9 /* PBXContainerItemProxy */ = {
			isa = PBXContainerItemProxy;
			containerPortal = 5614B6FB23323FC300A54FA9 /* Project object */;
			proxyType = 1;
			remoteGlobalIDString = 5614B70223323FC300A54FA9;
			remoteInfo = TFY_ReactiveCocoaDemo;
		};
		5614B72723323FC400A54FA9 /* PBXContainerItemProxy */ = {
			isa = PBXContainerItemProxy;
			containerPortal = 5614B6FB23323FC300A54FA9 /* Project object */;
			proxyType = 1;
			remoteGlobalIDString = 5614B70223323FC300A54FA9;
			remoteInfo = TFY_ReactiveCocoaDemo;
		};
/* End PBXContainerItemProxy section */

/* Begin PBXFileReference section */
		0D50B0381AE2146E203E9043 /* Pods-TFY_ReactiveCocoaDemo.debug.xcconfig */ = {isa = PBXFileReference; includeInIndex = 1; lastKnownFileType = text.xcconfig; name = "Pods-TFY_ReactiveCocoaDemo.debug.xcconfig"; path = "Target Support Files/Pods-TFY_ReactiveCocoaDemo/Pods-TFY_ReactiveCocoaDemo.debug.xcconfig"; sourceTree = "<group>"; };
		1581B70491D43033F1FA2508 /* libPods-TFY_ReactiveCocoaDemo.a */ = {isa = PBXFileReference; explicitFileType = archive.ar; includeInIndex = 0; path = "libPods-TFY_ReactiveCocoaDemo.a"; sourceTree = BUILT_PRODUCTS_DIR; };
		5614B70323323FC300A54FA9 /* TFY_ReactiveCocoaDemo.app */ = {isa = PBXFileReference; explicitFileType = wrapper.application; includeInIndex = 0; path = TFY_ReactiveCocoaDemo.app; sourceTree = BUILT_PRODUCTS_DIR; };
		5614B71B23323FC400A54FA9 /* TFY_ReactiveCocoaDemoTests.xctest */ = {isa = PBXFileReference; explicitFileType = wrapper.cfbundle; includeInIndex = 0; path = TFY_ReactiveCocoaDemoTests.xctest; sourceTree = BUILT_PRODUCTS_DIR; };
		5614B71F23323FC400A54FA9 /* TFY_ReactiveCocoaDemoTests.m */ = {isa = PBXFileReference; lastKnownFileType = sourcecode.c.objc; path = TFY_ReactiveCocoaDemoTests.m; sourceTree = "<group>"; };
		5614B72123323FC400A54FA9 /* Info.plist */ = {isa = PBXFileReference; lastKnownFileType = text.plist.xml; path = Info.plist; sourceTree = "<group>"; };
		5614B72623323FC400A54FA9 /* TFY_ReactiveCocoaDemoUITests.xctest */ = {isa = PBXFileReference; explicitFileType = wrapper.cfbundle; includeInIndex = 0; path = TFY_ReactiveCocoaDemoUITests.xctest; sourceTree = BUILT_PRODUCTS_DIR; };
		5614B72A23323FC400A54FA9 /* TFY_ReactiveCocoaDemoUITests.m */ = {isa = PBXFileReference; lastKnownFileType = sourcecode.c.objc; path = TFY_ReactiveCocoaDemoUITests.m; sourceTree = "<group>"; };
		5614B72C23323FC400A54FA9 /* Info.plist */ = {isa = PBXFileReference; lastKnownFileType = text.plist.xml; path = Info.plist; sourceTree = "<group>"; };
		5614B73C233240D800A54FA9 /* Assets.xcassets */ = {isa = PBXFileReference; lastKnownFileType = folder.assetcatalog; path = Assets.xcassets; sourceTree = "<group>"; };
		5614B73E233240D800A54FA9 /* Base */ = {isa = PBXFileReference; lastKnownFileType = file.storyboard; name = Base; path = Base.lproj/LaunchScreen.storyboard; sourceTree = "<group>"; };
		5614B740233240D800A54FA9 /* Base */ = {isa = PBXFileReference; lastKnownFileType = file.storyboard; name = Base; path = Base.lproj/Main.storyboard; sourceTree = "<group>"; };
		5614B741233240D800A54FA9 /* main.m */ = {isa = PBXFileReference; fileEncoding = 4; lastKnownFileType = sourcecode.c.objc; path = main.m; sourceTree = "<group>"; };
		5614B744233240D800A54FA9 /* AppDelegate.h */ = {isa = PBXFileReference; fileEncoding = 4; lastKnownFileType = sourcecode.c.h; path = AppDelegate.h; sourceTree = "<group>"; };
		5614B745233240D800A54FA9 /* AppDelegate.m */ = {isa = PBXFileReference; fileEncoding = 4; lastKnownFileType = sourcecode.c.objc; path = AppDelegate.m; sourceTree = "<group>"; };
		5614B746233240D800A54FA9 /* Info.plist */ = {isa = PBXFileReference; fileEncoding = 4; lastKnownFileType = text.plist.xml; path = Info.plist; sourceTree = "<group>"; };
		5614B74F2332412E00A54FA9 /* Flag.h */ = {isa = PBXFileReference; fileEncoding = 4; lastKnownFileType = sourcecode.c.h; path = Flag.h; sourceTree = "<group>"; };
		5614B7502332412E00A54FA9 /* Flag.m */ = {isa = PBXFileReference; fileEncoding = 4; lastKnownFileType = sourcecode.c.objc; path = Flag.m; sourceTree = "<group>"; };
		5614B7522332412E00A54FA9 /* RACSetViewController.m */ = {isa = PBXFileReference; fileEncoding = 4; lastKnownFileType = sourcecode.c.objc; path = RACSetViewController.m; sourceTree = "<group>"; };
		5614B7532332412E00A54FA9 /* RACSignalController.h */ = {isa = PBXFileReference; fileEncoding = 4; lastKnownFileType = sourcecode.c.h; path = RACSignalController.h; sourceTree = "<group>"; };
		5614B7542332412E00A54FA9 /* HomeViewController.m */ = {isa = PBXFileReference; fileEncoding = 4; lastKnownFileType = sourcecode.c.objc; path = HomeViewController.m; sourceTree = "<group>"; };
		5614B7552332412E00A54FA9 /* RACOperationMethodController.m */ = {isa = PBXFileReference; fileEncoding = 4; lastKnownFileType = sourcecode.c.objc; path = RACOperationMethodController.m; sourceTree = "<group>"; };
		5614B7562332412E00A54FA9 /* RACMulticastConnectionController.h */ = {isa = PBXFileReference; fileEncoding = 4; lastKnownFileType = sourcecode.c.h; path = RACMulticastConnectionController.h; sourceTree = "<group>"; };
		5614B7572332412E00A54FA9 /* RACOperationMethodFilteringVC.m */ = {isa = PBXFileReference; fileEncoding = 4; lastKnownFileType = sourcecode.c.objc; path = RACOperationMethodFilteringVC.m; sourceTree = "<group>"; };
		5614B7582332412E00A54FA9 /* RACSubscriberController.h */ = {isa = PBXFileReference; fileEncoding = 4; lastKnownFileType = sourcecode.c.h; path = RACSubscriberController.h; sourceTree = "<group>"; };
		5614B7592332412E00A54FA9 /* RACMethodUseViewController.h */ = {isa = PBXFileReference; fileEncoding = 4; lastKnownFileType = sourcecode.c.h; path = RACMethodUseViewController.h; sourceTree = "<group>"; };
		5614B75A2332412E00A54FA9 /* RACCommandController.m */ = {isa = PBXFileReference; fileEncoding = 4; lastKnownFileType = sourcecode.c.objc; path = RACCommandController.m; sourceTree = "<group>"; };
		5614B75B2332412E00A54FA9 /* RACOperationOrderController.m */ = {isa = PBXFileReference; fileEncoding = 4; lastKnownFileType = sourcecode.c.objc; path = RACOperationOrderController.m; sourceTree = "<group>"; };
		5614B75C2332412E00A54FA9 /* RACSignalController.m */ = {isa = PBXFileReference; fileEncoding = 4; lastKnownFileType = sourcecode.c.objc; path = RACSignalController.m; sourceTree = "<group>"; };
		5614B75D2332412E00A54FA9 /* RACSetViewController.h */ = {isa = PBXFileReference; fileEncoding = 4; lastKnownFileType = sourcecode.c.h; path = RACSetViewController.h; sourceTree = "<group>"; };
		5614B75E2332412E00A54FA9 /* RACOperationMethodController.h */ = {isa = PBXFileReference; fileEncoding = 4; lastKnownFileType = sourcecode.c.h; path = RACOperationMethodController.h; sourceTree = "<group>"; };
		5614B75F2332412E00A54FA9 /* HomeViewController.h */ = {isa = PBXFileReference; fileEncoding = 4; lastKnownFileType = sourcecode.c.h; path = HomeViewController.h; sourceTree = "<group>"; };
		5614B7602332412E00A54FA9 /* RACMethodUseViewController.m */ = {isa = PBXFileReference; fileEncoding = 4; lastKnownFileType = sourcecode.c.objc; path = RACMethodUseViewController.m; sourceTree = "<group>"; };
		5614B7612332412E00A54FA9 /* RACSubscriberController.m */ = {isa = PBXFileReference; fileEncoding = 4; lastKnownFileType = sourcecode.c.objc; path = RACSubscriberController.m; sourceTree = "<group>"; };
		5614B7622332412E00A54FA9 /* RACOperationMethodFilteringVC.h */ = {isa = PBXFileReference; fileEncoding = 4; lastKnownFileType = sourcecode.c.h; path = RACOperationMethodFilteringVC.h; sourceTree = "<group>"; };
		5614B7632332412E00A54FA9 /* RACMulticastConnectionController.m */ = {isa = PBXFileReference; fileEncoding = 4; lastKnownFileType = sourcecode.c.objc; path = RACMulticastConnectionController.m; sourceTree = "<group>"; };
		5614B7642332412E00A54FA9 /* RACOperationOrderController.h */ = {isa = PBXFileReference; fileEncoding = 4; lastKnownFileType = sourcecode.c.h; path = RACOperationOrderController.h; sourceTree = "<group>"; };
		5614B7652332412E00A54FA9 /* RACCommandController.h */ = {isa = PBXFileReference; fileEncoding = 4; lastKnownFileType = sourcecode.c.h; path = RACCommandController.h; sourceTree = "<group>"; };
		5614B7672332412E00A54FA9 /* RedView.xib */ = {isa = PBXFileReference; fileEncoding = 4; lastKnownFileType = file.xib; path = RedView.xib; sourceTree = "<group>"; };
		5614B7682332412E00A54FA9 /* RedView.h */ = {isa = PBXFileReference; fileEncoding = 4; lastKnownFileType = sourcecode.c.h; path = RedView.h; sourceTree = "<group>"; };
		5614B7692332412E00A54FA9 /* RedView.m */ = {isa = PBXFileReference; fileEncoding = 4; lastKnownFileType = sourcecode.c.objc; path = RedView.m; sourceTree = "<group>"; };
		5614B7772332415200A54FA9 /* TFY_PrefixHeader.pch */ = {isa = PBXFileReference; lastKnownFileType = sourcecode.c.h; path = TFY_PrefixHeader.pch; sourceTree = "<group>"; };
		81FB41ABE96BCC1FC7B5C855 /* Pods-TFY_ReactiveCocoaDemo.release.xcconfig */ = {isa = PBXFileReference; includeInIndex = 1; lastKnownFileType = text.xcconfig; name = "Pods-TFY_ReactiveCocoaDemo.release.xcconfig"; path = "Target Support Files/Pods-TFY_ReactiveCocoaDemo/Pods-TFY_ReactiveCocoaDemo.release.xcconfig"; sourceTree = "<group>"; };
/* End PBXFileReference section */

/* Begin PBXFrameworksBuildPhase section */
		5614B70023323FC300A54FA9 /* Frameworks */ = {
			isa = PBXFrameworksBuildPhase;
			buildActionMask = 2147483647;
			files = (
				D7A58E35F226A4889739B90A /* libPods-TFY_ReactiveCocoaDemo.a in Frameworks */,
			);
			runOnlyForDeploymentPostprocessing = 0;
		};
		5614B71823323FC400A54FA9 /* Frameworks */ = {
			isa = PBXFrameworksBuildPhase;
			buildActionMask = 2147483647;
			files = (
			);
			runOnlyForDeploymentPostprocessing = 0;
		};
		5614B72323323FC400A54FA9 /* Frameworks */ = {
			isa = PBXFrameworksBuildPhase;
			buildActionMask = 2147483647;
			files = (
			);
			runOnlyForDeploymentPostprocessing = 0;
		};
/* End PBXFrameworksBuildPhase section */

/* Begin PBXGroup section */
		50554B1AA24C7D98B0E69F5F /* Frameworks */ = {
			isa = PBXGroup;
			children = (
				1581B70491D43033F1FA2508 /* libPods-TFY_ReactiveCocoaDemo.a */,
			);
			name = Frameworks;
			sourceTree = "<group>";
		};
		5614B6FA23323FC300A54FA9 = {
			isa = PBXGroup;
			children = (
				5614B73A233240D800A54FA9 /* TFY_ReactiveCocoaDemo */,
				5614B71E23323FC400A54FA9 /* TFY_ReactiveCocoaDemoTests */,
				5614B72923323FC400A54FA9 /* TFY_ReactiveCocoaDemoUITests */,
				5614B70423323FC300A54FA9 /* Products */,
				8F3C3614930AB9329D931C09 /* Pods */,
				50554B1AA24C7D98B0E69F5F /* Frameworks */,
			);
			sourceTree = "<group>";
		};
		5614B70423323FC300A54FA9 /* Products */ = {
			isa = PBXGroup;
			children = (
				5614B70323323FC300A54FA9 /* TFY_ReactiveCocoaDemo.app */,
				5614B71B23323FC400A54FA9 /* TFY_ReactiveCocoaDemoTests.xctest */,
				5614B72623323FC400A54FA9 /* TFY_ReactiveCocoaDemoUITests.xctest */,
			);
			name = Products;
			sourceTree = "<group>";
		};
		5614B71E23323FC400A54FA9 /* TFY_ReactiveCocoaDemoTests */ = {
			isa = PBXGroup;
			children = (
				5614B71F23323FC400A54FA9 /* TFY_ReactiveCocoaDemoTests.m */,
				5614B72123323FC400A54FA9 /* Info.plist */,
			);
			path = TFY_ReactiveCocoaDemoTests;
			sourceTree = "<group>";
		};
		5614B72923323FC400A54FA9 /* TFY_ReactiveCocoaDemoUITests */ = {
			isa = PBXGroup;
			children = (
				5614B72A23323FC400A54FA9 /* TFY_ReactiveCocoaDemoUITests.m */,
				5614B72C23323FC400A54FA9 /* Info.plist */,
			);
			path = TFY_ReactiveCocoaDemoUITests;
			sourceTree = "<group>";
		};
		5614B73A233240D800A54FA9 /* TFY_ReactiveCocoaDemo */ = {
			isa = PBXGroup;
			children = (
				5614B73B233240D800A54FA9 /* PCH */,
				5614B73C233240D800A54FA9 /* Assets.xcassets */,
				5614B73D233240D800A54FA9 /* LaunchScreen.storyboard */,
				5614B73F233240D800A54FA9 /* Main.storyboard */,
				5614B741233240D800A54FA9 /* main.m */,
				5614B742233240D800A54FA9 /* Class */,
				5614B743233240D800A54FA9 /* AppDelegate */,
				5614B746233240D800A54FA9 /* Info.plist */,
			);
			path = TFY_ReactiveCocoaDemo;
			sourceTree = "<group>";
		};
		5614B73B233240D800A54FA9 /* PCH */ = {
			isa = PBXGroup;
			children = (
				5614B7772332415200A54FA9 /* TFY_PrefixHeader.pch */,
			);
			path = PCH;
			sourceTree = "<group>";
		};
		5614B742233240D800A54FA9 /* Class */ = {
			isa = PBXGroup;
			children = (
				5614B74D2332412E00A54FA9 /* Main */,
			);
			path = Class;
			sourceTree = "<group>";
		};
		5614B743233240D800A54FA9 /* AppDelegate */ = {
			isa = PBXGroup;
			children = (
				5614B744233240D800A54FA9 /* AppDelegate.h */,
				5614B745233240D800A54FA9 /* AppDelegate.m */,
			);
			path = AppDelegate;
			sourceTree = "<group>";
		};
		5614B74D2332412E00A54FA9 /* Main */ = {
			isa = PBXGroup;
			children = (
				5614B74E2332412E00A54FA9 /* Moodel */,
				5614B7512332412E00A54FA9 /* Controller */,
				5614B7662332412E00A54FA9 /* View */,
			);
			path = Main;
			sourceTree = "<group>";
		};
		5614B74E2332412E00A54FA9 /* Moodel */ = {
			isa = PBXGroup;
			children = (
				5614B74F2332412E00A54FA9 /* Flag.h */,
				5614B7502332412E00A54FA9 /* Flag.m */,
			);
			path = Moodel;
			sourceTree = "<group>";
		};
		5614B7512332412E00A54FA9 /* Controller */ = {
			isa = PBXGroup;
			children = (
				5614B75F2332412E00A54FA9 /* HomeViewController.h */,
				5614B7542332412E00A54FA9 /* HomeViewController.m */,
				5614B7532332412E00A54FA9 /* RACSignalController.h */,
				5614B75C2332412E00A54FA9 /* RACSignalController.m */,
				5614B75D2332412E00A54FA9 /* RACSetViewController.h */,
				5614B7522332412E00A54FA9 /* RACSetViewController.m */,
				5614B75E2332412E00A54FA9 /* RACOperationMethodController.h */,
				5614B7552332412E00A54FA9 /* RACOperationMethodController.m */,
				5614B7562332412E00A54FA9 /* RACMulticastConnectionController.h */,
				5614B7632332412E00A54FA9 /* RACMulticastConnectionController.m */,
				5614B7622332412E00A54FA9 /* RACOperationMethodFilteringVC.h */,
				5614B7572332412E00A54FA9 /* RACOperationMethodFilteringVC.m */,
				5614B7582332412E00A54FA9 /* RACSubscriberController.h */,
				5614B7612332412E00A54FA9 /* RACSubscriberController.m */,
				5614B7592332412E00A54FA9 /* RACMethodUseViewController.h */,
				5614B7602332412E00A54FA9 /* RACMethodUseViewController.m */,
				5614B7652332412E00A54FA9 /* RACCommandController.h */,
				5614B75A2332412E00A54FA9 /* RACCommandController.m */,
				5614B7642332412E00A54FA9 /* RACOperationOrderController.h */,
				5614B75B2332412E00A54FA9 /* RACOperationOrderController.m */,
			);
			path = Controller;
			sourceTree = "<group>";
		};
		5614B7662332412E00A54FA9 /* View */ = {
			isa = PBXGroup;
			children = (
				5614B7672332412E00A54FA9 /* RedView.xib */,
				5614B7682332412E00A54FA9 /* RedView.h */,
				5614B7692332412E00A54FA9 /* RedView.m */,
			);
			path = View;
			sourceTree = "<group>";
		};
		8F3C3614930AB9329D931C09 /* Pods */ = {
			isa = PBXGroup;
			children = (
				0D50B0381AE2146E203E9043 /* Pods-TFY_ReactiveCocoaDemo.debug.xcconfig */,
				81FB41ABE96BCC1FC7B5C855 /* Pods-TFY_ReactiveCocoaDemo.release.xcconfig */,
			);
			path = Pods;
			sourceTree = "<group>";
		};
/* End PBXGroup section */

/* Begin PBXNativeTarget section */
		5614B70223323FC300A54FA9 /* TFY_ReactiveCocoaDemo */ = {
			isa = PBXNativeTarget;
			buildConfigurationList = 5614B72F23323FC400A54FA9 /* Build configuration list for PBXNativeTarget "TFY_ReactiveCocoaDemo" */;
			buildPhases = (
				702C63741C87558C3C3E206E /* [CP] Check Pods Manifest.lock */,
				5614B6FF23323FC300A54FA9 /* Sources */,
				5614B70023323FC300A54FA9 /* Frameworks */,
				5614B70123323FC300A54FA9 /* Resources */,
			);
			buildRules = (
			);
			dependencies = (
			);
			name = TFY_ReactiveCocoaDemo;
			productName = TFY_ReactiveCocoaDemo;
			productReference = 5614B70323323FC300A54FA9 /* TFY_ReactiveCocoaDemo.app */;
			productType = "com.apple.product-type.application";
		};
		5614B71A23323FC400A54FA9 /* TFY_ReactiveCocoaDemoTests */ = {
			isa = PBXNativeTarget;
			buildConfigurationList = 5614B73223323FC400A54FA9 /* Build configuration list for PBXNativeTarget "TFY_ReactiveCocoaDemoTests" */;
			buildPhases = (
				5614B71723323FC400A54FA9 /* Sources */,
				5614B71823323FC400A54FA9 /* Frameworks */,
				5614B71923323FC400A54FA9 /* Resources */,
			);
			buildRules = (
			);
			dependencies = (
				5614B71D23323FC400A54FA9 /* PBXTargetDependency */,
			);
			name = TFY_ReactiveCocoaDemoTests;
			productName = TFY_ReactiveCocoaDemoTests;
			productReference = 5614B71B23323FC400A54FA9 /* TFY_ReactiveCocoaDemoTests.xctest */;
			productType = "com.apple.product-type.bundle.unit-test";
		};
		5614B72523323FC400A54FA9 /* TFY_ReactiveCocoaDemoUITests */ = {
			isa = PBXNativeTarget;
			buildConfigurationList = 5614B73523323FC400A54FA9 /* Build configuration list for PBXNativeTarget "TFY_ReactiveCocoaDemoUITests" */;
			buildPhases = (
				5614B72223323FC400A54FA9 /* Sources */,
				5614B72323323FC400A54FA9 /* Frameworks */,
				5614B72423323FC400A54FA9 /* Resources */,
			);
			buildRules = (
			);
			dependencies = (
				5614B72823323FC400A54FA9 /* PBXTargetDependency */,
			);
			name = TFY_ReactiveCocoaDemoUITests;
			productName = TFY_ReactiveCocoaDemoUITests;
			productReference = 5614B72623323FC400A54FA9 /* TFY_ReactiveCocoaDemoUITests.xctest */;
			productType = "com.apple.product-type.bundle.ui-testing";
		};
/* End PBXNativeTarget section */

/* Begin PBXProject section */
		5614B6FB23323FC300A54FA9 /* Project object */ = {
			isa = PBXProject;
			attributes = {
				LastUpgradeCheck = 1200;
				ORGANIZATIONNAME = tiandengyou;
				TargetAttributes = {
					5614B70223323FC300A54FA9 = {
						CreatedOnToolsVersion = 10.3;
					};
					5614B71A23323FC400A54FA9 = {
						CreatedOnToolsVersion = 10.3;
						TestTargetID = 5614B70223323FC300A54FA9;
					};
					5614B72523323FC400A54FA9 = {
						CreatedOnToolsVersion = 10.3;
						TestTargetID = 5614B70223323FC300A54FA9;
					};
				};
			};
			buildConfigurationList = 5614B6FE23323FC300A54FA9 /* Build configuration list for PBXProject "TFY_ReactiveCocoaDemo" */;
			compatibilityVersion = "Xcode 9.3";
			developmentRegion = en;
			hasScannedForEncodings = 0;
			knownRegions = (
				en,
				Base,
			);
			mainGroup = 5614B6FA23323FC300A54FA9;
			productRefGroup = 5614B70423323FC300A54FA9 /* Products */;
			projectDirPath = "";
			projectRoot = "";
			targets = (
				5614B70223323FC300A54FA9 /* TFY_ReactiveCocoaDemo */,
				5614B71A23323FC400A54FA9 /* TFY_ReactiveCocoaDemoTests */,
				5614B72523323FC400A54FA9 /* TFY_ReactiveCocoaDemoUITests */,
			);
		};
/* End PBXProject section */

/* Begin PBXResourcesBuildPhase section */
		5614B70123323FC300A54FA9 /* Resources */ = {
			isa = PBXResourcesBuildPhase;
			buildActionMask = 2147483647;
			files = (
				5614B749233240D900A54FA9 /* Main.storyboard in Resources */,
				5614B747233240D900A54FA9 /* Assets.xcassets in Resources */,
				5614B7752332412E00A54FA9 /* RedView.xib in Resources */,
				5614B748233240D900A54FA9 /* LaunchScreen.storyboard in Resources */,
			);
			runOnlyForDeploymentPostprocessing = 0;
		};
		5614B71923323FC400A54FA9 /* Resources */ = {
			isa = PBXResourcesBuildPhase;
			buildActionMask = 2147483647;
			files = (
			);
			runOnlyForDeploymentPostprocessing = 0;
		};
		5614B72423323FC400A54FA9 /* Resources */ = {
			isa = PBXResourcesBuildPhase;
			buildActionMask = 2147483647;
			files = (
			);
			runOnlyForDeploymentPostprocessing = 0;
		};
/* End PBXResourcesBuildPhase section */

/* Begin PBXShellScriptBuildPhase section */
		702C63741C87558C3C3E206E /* [CP] Check Pods Manifest.lock */ = {
			isa = PBXShellScriptBuildPhase;
			buildActionMask = 2147483647;
			files = (
			);
			inputFileListPaths = (
			);
			inputPaths = (
				"${PODS_PODFILE_DIR_PATH}/Podfile.lock",
				"${PODS_ROOT}/Manifest.lock",
			);
			name = "[CP] Check Pods Manifest.lock";
			outputFileListPaths = (
			);
			outputPaths = (
				"$(DERIVED_FILE_DIR)/Pods-TFY_ReactiveCocoaDemo-checkManifestLockResult.txt",
			);
			runOnlyForDeploymentPostprocessing = 0;
			shellPath = /bin/sh;
			shellScript = "diff \"${PODS_PODFILE_DIR_PATH}/Podfile.lock\" \"${PODS_ROOT}/Manifest.lock\" > /dev/null\nif [ $? != 0 ] ; then\n    # print error to STDERR\n    echo \"error: The sandbox is not in sync with the Podfile.lock. Run 'pod install' or update your CocoaPods installation.\" >&2\n    exit 1\nfi\n# This output is used by Xcode 'outputs' to avoid re-running this script phase.\necho \"SUCCESS\" > \"${SCRIPT_OUTPUT_FILE_0}\"\n";
			showEnvVarsInLog = 0;
		};
/* End PBXShellScriptBuildPhase section */

/* Begin PBXSourcesBuildPhase section */
		5614B6FF23323FC300A54FA9 /* Sources */ = {
			isa = PBXSourcesBuildPhase;
			buildActionMask = 2147483647;
			files = (
				5614B74B233240D900A54FA9 /* AppDelegate.m in Sources */,
				5614B76E2332412E00A54FA9 /* RACOperationMethodFilteringVC.m in Sources */,
				5614B76F2332412E00A54FA9 /* RACCommandController.m in Sources */,
				5614B7742332412E00A54FA9 /* RACMulticastConnectionController.m in Sources */,
				5614B76A2332412E00A54FA9 /* Flag.m in Sources */,
				5614B7712332412E00A54FA9 /* RACSignalController.m in Sources */,
				5614B7762332412E00A54FA9 /* RedView.m in Sources */,
				5614B7722332412E00A54FA9 /* RACMethodUseViewController.m in Sources */,
				5614B76B2332412E00A54FA9 /* RACSetViewController.m in Sources */,
				5614B76D2332412E00A54FA9 /* RACOperationMethodController.m in Sources */,
				5614B7702332412E00A54FA9 /* RACOperationOrderController.m in Sources */,
				5614B76C2332412E00A54FA9 /* HomeViewController.m in Sources */,
				5614B7732332412E00A54FA9 /* RACSubscriberController.m in Sources */,
				5614B74A233240D900A54FA9 /* main.m in Sources */,
			);
			runOnlyForDeploymentPostprocessing = 0;
		};
		5614B71723323FC400A54FA9 /* Sources */ = {
			isa = PBXSourcesBuildPhase;
			buildActionMask = 2147483647;
			files = (
				5614B72023323FC400A54FA9 /* TFY_ReactiveCocoaDemoTests.m in Sources */,
			);
			runOnlyForDeploymentPostprocessing = 0;
		};
		5614B72223323FC400A54FA9 /* Sources */ = {
			isa = PBXSourcesBuildPhase;
			buildActionMask = 2147483647;
			files = (
				5614B72B23323FC400A54FA9 /* TFY_ReactiveCocoaDemoUITests.m in Sources */,
			);
			runOnlyForDeploymentPostprocessing = 0;
		};
/* End PBXSourcesBuildPhase section */

/* Begin PBXTargetDependency section */
		5614B71D23323FC400A54FA9 /* PBXTargetDependency */ = {
			isa = PBXTargetDependency;
			target = 5614B70223323FC300A54FA9 /* TFY_ReactiveCocoaDemo */;
			targetProxy = 5614B71C23323FC400A54FA9 /* PBXContainerItemProxy */;
		};
		5614B72823323FC400A54FA9 /* PBXTargetDependency */ = {
			isa = PBXTargetDependency;
			target = 5614B70223323FC300A54FA9 /* TFY_ReactiveCocoaDemo */;
			targetProxy = 5614B72723323FC400A54FA9 /* PBXContainerItemProxy */;
		};
/* End PBXTargetDependency section */

/* Begin PBXVariantGroup section */
		5614B73D233240D800A54FA9 /* LaunchScreen.storyboard */ = {
			isa = PBXVariantGroup;
			children = (
				5614B73E233240D800A54FA9 /* Base */,
			);
			name = LaunchScreen.storyboard;
			sourceTree = "<group>";
		};
		5614B73F233240D800A54FA9 /* Main.storyboard */ = {
			isa = PBXVariantGroup;
			children = (
				5614B740233240D800A54FA9 /* Base */,
			);
			name = Main.storyboard;
			sourceTree = "<group>";
		};
/* End PBXVariantGroup section */

/* Begin XCBuildConfiguration section */
		5614B72D23323FC400A54FA9 /* Debug */ = {
			isa = XCBuildConfiguration;
			buildSettings = {
				ALWAYS_SEARCH_USER_PATHS = NO;
				CLANG_ANALYZER_NONNULL = YES;
				CLANG_ANALYZER_NUMBER_OBJECT_CONVERSION = YES_AGGRESSIVE;
				CLANG_CXX_LANGUAGE_STANDARD = "gnu++14";
				CLANG_CXX_LIBRARY = "libc++";
				CLANG_ENABLE_MODULES = YES;
				CLANG_ENABLE_OBJC_ARC = YES;
				CLANG_ENABLE_OBJC_WEAK = YES;
				CLANG_WARN_BLOCK_CAPTURE_AUTORELEASING = YES;
				CLANG_WARN_BOOL_CONVERSION = YES;
				CLANG_WARN_COMMA = YES;
				CLANG_WARN_CONSTANT_CONVERSION = YES;
				CLANG_WARN_DEPRECATED_OBJC_IMPLEMENTATIONS = YES;
				CLANG_WARN_DIRECT_OBJC_ISA_USAGE = YES_ERROR;
				CLANG_WARN_DOCUMENTATION_COMMENTS = YES;
				CLANG_WARN_EMPTY_BODY = YES;
				CLANG_WARN_ENUM_CONVERSION = YES;
				CLANG_WARN_INFINITE_RECURSION = YES;
				CLANG_WARN_INT_CONVERSION = YES;
				CLANG_WARN_NON_LITERAL_NULL_CONVERSION = YES;
				CLANG_WARN_OBJC_IMPLICIT_RETAIN_SELF = YES;
				CLANG_WARN_OBJC_LITERAL_CONVERSION = YES;
				CLANG_WARN_OBJC_ROOT_CLASS = YES_ERROR;
				CLANG_WARN_QUOTED_INCLUDE_IN_FRAMEWORK_HEADER = YES;
				CLANG_WARN_RANGE_LOOP_ANALYSIS = YES;
				CLANG_WARN_STRICT_PROTOTYPES = YES;
				CLANG_WARN_SUSPICIOUS_MOVE = YES;
				CLANG_WARN_UNGUARDED_AVAILABILITY = YES_AGGRESSIVE;
				CLANG_WARN_UNREACHABLE_CODE = YES;
				CLANG_WARN__DUPLICATE_METHOD_MATCH = YES;
				CODE_SIGN_IDENTITY = "iPhone Developer";
				COPY_PHASE_STRIP = NO;
				DEBUG_INFORMATION_FORMAT = dwarf;
				ENABLE_STRICT_OBJC_MSGSEND = YES;
				ENABLE_TESTABILITY = YES;
				GCC_C_LANGUAGE_STANDARD = gnu11;
				GCC_DYNAMIC_NO_PIC = NO;
				GCC_NO_COMMON_BLOCKS = YES;
				GCC_OPTIMIZATION_LEVEL = 0;
				GCC_PREPROCESSOR_DEFINITIONS = (
					"DEBUG=1",
					"$(inherited)",
				);
				GCC_WARN_64_TO_32_BIT_CONVERSION = YES;
				GCC_WARN_ABOUT_RETURN_TYPE = YES_ERROR;
				GCC_WARN_UNDECLARED_SELECTOR = YES;
				GCC_WARN_UNINITIALIZED_AUTOS = YES_AGGRESSIVE;
				GCC_WARN_UNUSED_FUNCTION = YES;
				GCC_WARN_UNUSED_VARIABLE = YES;
				IPHONEOS_DEPLOYMENT_TARGET = 14.0;
				MTL_ENABLE_DEBUG_INFO = INCLUDE_SOURCE;
				MTL_FAST_MATH = YES;
				ONLY_ACTIVE_ARCH = YES;
				SDKROOT = iphoneos;
			};
			name = Debug;
		};
		5614B72E23323FC400A54FA9 /* Release */ = {
			isa = XCBuildConfiguration;
			buildSettings = {
				ALWAYS_SEARCH_USER_PATHS = NO;
				CLANG_ANALYZER_NONNULL = YES;
				CLANG_ANALYZER_NUMBER_OBJECT_CONVERSION = YES_AGGRESSIVE;
				CLANG_CXX_LANGUAGE_STANDARD = "gnu++14";
				CLANG_CXX_LIBRARY = "libc++";
				CLANG_ENABLE_MODULES = YES;
				CLANG_ENABLE_OBJC_ARC = YES;
				CLANG_ENABLE_OBJC_WEAK = YES;
				CLANG_WARN_BLOCK_CAPTURE_AUTORELEASING = YES;
				CLANG_WARN_BOOL_CONVERSION = YES;
				CLANG_WARN_COMMA = YES;
				CLANG_WARN_CONSTANT_CONVERSION = YES;
				CLANG_WARN_DEPRECATED_OBJC_IMPLEMENTATIONS = YES;
				CLANG_WARN_DIRECT_OBJC_ISA_USAGE = YES_ERROR;
				CLANG_WARN_DOCUMENTATION_COMMENTS = YES;
				CLANG_WARN_EMPTY_BODY = YES;
				CLANG_WARN_ENUM_CONVERSION = YES;
				CLANG_WARN_INFINITE_RECURSION = YES;
				CLANG_WARN_INT_CONVERSION = YES;
				CLANG_WARN_NON_LITERAL_NULL_CONVERSION = YES;
				CLANG_WARN_OBJC_IMPLICIT_RETAIN_SELF = YES;
				CLANG_WARN_OBJC_LITERAL_CONVERSION = YES;
				CLANG_WARN_OBJC_ROOT_CLASS = YES_ERROR;
				CLANG_WARN_QUOTED_INCLUDE_IN_FRAMEWORK_HEADER = YES;
				CLANG_WARN_RANGE_LOOP_ANALYSIS = YES;
				CLANG_WARN_STRICT_PROTOTYPES = YES;
				CLANG_WARN_SUSPICIOUS_MOVE = YES;
				CLANG_WARN_UNGUARDED_AVAILABILITY = YES_AGGRESSIVE;
				CLANG_WARN_UNREACHABLE_CODE = YES;
				CLANG_WARN__DUPLICATE_METHOD_MATCH = YES;
				CODE_SIGN_IDENTITY = "iPhone Developer";
				COPY_PHASE_STRIP = NO;
				DEBUG_INFORMATION_FORMAT = "dwarf-with-dsym";
				ENABLE_NS_ASSERTIONS = NO;
				ENABLE_STRICT_OBJC_MSGSEND = YES;
				GCC_C_LANGUAGE_STANDARD = gnu11;
				GCC_NO_COMMON_BLOCKS = YES;
				GCC_WARN_64_TO_32_BIT_CONVERSION = YES;
				GCC_WARN_ABOUT_RETURN_TYPE = YES_ERROR;
				GCC_WARN_UNDECLARED_SELECTOR = YES;
				GCC_WARN_UNINITIALIZED_AUTOS = YES_AGGRESSIVE;
				GCC_WARN_UNUSED_FUNCTION = YES;
				GCC_WARN_UNUSED_VARIABLE = YES;
				IPHONEOS_DEPLOYMENT_TARGET = 14.0;
				MTL_ENABLE_DEBUG_INFO = NO;
				MTL_FAST_MATH = YES;
				SDKROOT = iphoneos;
				VALIDATE_PRODUCT = YES;
			};
			name = Release;
		};
		5614B73023323FC400A54FA9 /* Debug */ = {
			isa = XCBuildConfiguration;
			baseConfigurationReference = 0D50B0381AE2146E203E9043 /* Pods-TFY_ReactiveCocoaDemo.debug.xcconfig */;
			buildSettings = {
				ASSETCATALOG_COMPILER_APPICON_NAME = AppIcon;
				CODE_SIGN_STYLE = Automatic;
				DEVELOPMENT_TEAM = 246ETN6ZKR;
				GCC_PRECOMPILE_PREFIX_HEADER = YES;
				GCC_PREFIX_HEADER = TFY_ReactiveCocoaDemo/PCH/TFY_PrefixHeader.pch;
				INFOPLIST_FILE = TFY_ReactiveCocoaDemo/Info.plist;
				IPHONEOS_DEPLOYMENT_TARGET = 10.0;
				LD_RUNPATH_SEARCH_PATHS = (
					"$(inherited)",
					"@executable_path/Frameworks",
				);
				PRODUCT_BUNDLE_IDENTIFIER = "tfy.TFY-ReactiveCocoaDemo";
				PRODUCT_NAME = "$(TARGET_NAME)";
				TARGETED_DEVICE_FAMILY = "1,2";
			};
			name = Debug;
		};
		5614B73123323FC400A54FA9 /* Release */ = {
			isa = XCBuildConfiguration;
			baseConfigurationReference = 81FB41ABE96BCC1FC7B5C855 /* Pods-TFY_ReactiveCocoaDemo.release.xcconfig */;
			buildSettings = {
				ASSETCATALOG_COMPILER_APPICON_NAME = AppIcon;
				CODE_SIGN_STYLE = Automatic;
				DEVELOPMENT_TEAM = 246ETN6ZKR;
				GCC_PRECOMPILE_PREFIX_HEADER = YES;
				GCC_PREFIX_HEADER = TFY_ReactiveCocoaDemo/PCH/TFY_PrefixHeader.pch;
				INFOPLIST_FILE = TFY_ReactiveCocoaDemo/Info.plist;
				IPHONEOS_DEPLOYMENT_TARGET = 10.0;
				LD_RUNPATH_SEARCH_PATHS = (
					"$(inherited)",
					"@executable_path/Frameworks",
				);
				PRODUCT_BUNDLE_IDENTIFIER = "tfy.TFY-ReactiveCocoaDemo";
				PRODUCT_NAME = "$(TARGET_NAME)";
				TARGETED_DEVICE_FAMILY = "1,2";
			};
			name = Release;
		};
		5614B73323323FC400A54FA9 /* Debug */ = {
			isa = XCBuildConfiguration;
			buildSettings = {
				BUNDLE_LOADER = "$(TEST_HOST)";
				CODE_SIGN_STYLE = Automatic;
				DEVELOPMENT_TEAM = 246ETN6ZKR;
				INFOPLIST_FILE = TFY_ReactiveCocoaDemoTests/Info.plist;
				LD_RUNPATH_SEARCH_PATHS = (
					"$(inherited)",
					"@executable_path/Frameworks",
					"@loader_path/Frameworks",
				);
				PRODUCT_BUNDLE_IDENTIFIER = "tfy.TFY-ReactiveCocoaDemoTests";
				PRODUCT_NAME = "$(TARGET_NAME)";
				TARGETED_DEVICE_FAMILY = "1,2";
				TEST_HOST = "$(BUILT_PRODUCTS_DIR)/TFY_ReactiveCocoaDemo.app/TFY_ReactiveCocoaDemo";
			};
			name = Debug;
		};
		5614B73423323FC400A54FA9 /* Release */ = {
			isa = XCBuildConfiguration;
			buildSettings = {
				BUNDLE_LOADER = "$(TEST_HOST)";
				CODE_SIGN_STYLE = Automatic;
				DEVELOPMENT_TEAM = 246ETN6ZKR;
				INFOPLIST_FILE = TFY_ReactiveCocoaDemoTests/Info.plist;
				LD_RUNPATH_SEARCH_PATHS = (
					"$(inherited)",
					"@executable_path/Frameworks",
					"@loader_path/Frameworks",
				);
				PRODUCT_BUNDLE_IDENTIFIER = "tfy.TFY-ReactiveCocoaDemoTests";
				PRODUCT_NAME = "$(TARGET_NAME)";
				TARGETED_DEVICE_FAMILY = "1,2";
				TEST_HOST = "$(BUILT_PRODUCTS_DIR)/TFY_ReactiveCocoaDemo.app/TFY_ReactiveCocoaDemo";
			};
			name = Release;
		};
		5614B73623323FC400A54FA9 /* Debug */ = {
			isa = XCBuildConfiguration;
			buildSettings = {
				CODE_SIGN_STYLE = Automatic;
				DEVELOPMENT_TEAM = 246ETN6ZKR;
				INFOPLIST_FILE = TFY_ReactiveCocoaDemoUITests/Info.plist;
				LD_RUNPATH_SEARCH_PATHS = (
					"$(inherited)",
					"@executable_path/Frameworks",
					"@loader_path/Frameworks",
				);
				PRODUCT_BUNDLE_IDENTIFIER = "tfy.TFY-ReactiveCocoaDemoUITests";
				PRODUCT_NAME = "$(TARGET_NAME)";
				TARGETED_DEVICE_FAMILY = "1,2";
				TEST_TARGET_NAME = TFY_ReactiveCocoaDemo;
			};
			name = Debug;
		};
		5614B73723323FC400A54FA9 /* Release */ = {
			isa = XCBuildConfiguration;
			buildSettings = {
				CODE_SIGN_STYLE = Automatic;
				DEVELOPMENT_TEAM = 246ETN6ZKR;
				INFOPLIST_FILE = TFY_ReactiveCocoaDemoUITests/Info.plist;
				LD_RUNPATH_SEARCH_PATHS = (
					"$(inherited)",
					"@executable_path/Frameworks",
					"@loader_path/Frameworks",
				);
				PRODUCT_BUNDLE_IDENTIFIER = "tfy.TFY-ReactiveCocoaDemoUITests";
				PRODUCT_NAME = "$(TARGET_NAME)";
				TARGETED_DEVICE_FAMILY = "1,2";
				TEST_TARGET_NAME = TFY_ReactiveCocoaDemo;
			};
			name = Release;
		};
/* End XCBuildConfiguration section */

/* Begin XCConfigurationList section */
		5614B6FE23323FC300A54FA9 /* Build configuration list for PBXProject "TFY_ReactiveCocoaDemo" */ = {
			isa = XCConfigurationList;
			buildConfigurations = (
				5614B72D23323FC400A54FA9 /* Debug */,
				5614B72E23323FC400A54FA9 /* Release */,
			);
			defaultConfigurationIsVisible = 0;
			defaultConfigurationName = Release;
		};
		5614B72F23323FC400A54FA9 /* Build configuration list for PBXNativeTarget "TFY_ReactiveCocoaDemo" */ = {
			isa = XCConfigurationList;
			buildConfigurations = (
				5614B73023323FC400A54FA9 /* Debug */,
				5614B73123323FC400A54FA9 /* Release */,
			);
			defaultConfigurationIsVisible = 0;
			defaultConfigurationName = Release;
		};
		5614B73223323FC400A54FA9 /* Build configuration list for PBXNativeTarget "TFY_ReactiveCocoaDemoTests" */ = {
			isa = XCConfigurationList;
			buildConfigurations = (
				5614B73323323FC400A54FA9 /* Debug */,
				5614B73423323FC400A54FA9 /* Release */,
			);
			defaultConfigurationIsVisible = 0;
			defaultConfigurationName = Release;
		};
		5614B73523323FC400A54FA9 /* Build configuration list for PBXNativeTarget "TFY_ReactiveCocoaDemoUITests" */ = {
			isa = XCConfigurationList;
			buildConfigurations = (
				5614B73623323FC400A54FA9 /* Debug */,
				5614B73723323FC400A54FA9 /* Release */,
			);
			defaultConfigurationIsVisible = 0;
			defaultConfigurationName = Release;
		};
/* End XCConfigurationList section */
	};
	rootObject = 5614B6FB23323FC300A54FA9 /* Project object */;
}
